
Microsoft Visual Studio Solution File, Format Version 12.00
# Visual Studio Version 16
VisualStudioVersion = 16.0.33130.400
MinimumVisualStudioVersion = 10.0.40219.1
Project("{FAE04EC0-301F-11D3-BF4B-00C04F79EFBC}") = "BraveNewWorld", "BraveNewWorld.csproj", "{A8D267BB-A9B5-4707-8C29-6CF8A80FBFAE}"
EndProject
Global
	GlobalSection(SolutionConfigurationPlatforms) = preSolution
		Debug|Any CPU = Debug|Any CPU
		Release|Any CPU = Release|Any CPU
	EndGlobalSection
	GlobalSection(ProjectConfigurationPlatforms) = postSolution
		{A8D267BB-A9B5-4707-8C29-6CF8A80FBFAE}.Debug|Any CPU.ActiveCfg = Debug|Any CPU
		{A8D267BB-A9B5-4707-8C29-6CF8A80FBFAE}.Debug|Any CPU.Build.0 = Debug|Any CPU
		{A8D267BB-A9B5-4707-8C29-6CF8A80FBFAE}.Release|Any CPU.ActiveCfg = Release|Any CPU
		{A8D267BB-A9B5-4707-8C29-6CF8A80FBFAE}.Release|Any CPU.Build.0 = Release|Any CPU
	EndGlobalSection
	GlobalSection(SolutionProperties) = preSolution
		HideSolutionNode = FALSE
	EndGlobalSection
	GlobalSection(ExtensibilityGlobals) = postSolution
		SolutionGuid = {3BAB46B0-C3D3-4507-AB42-B1D05FD4BE84}
	EndGlobalSection
EndGlobal
